{
  "name": "@warren-bank/save-website-to-pdf",
  "version": "1.0.0",
  "lockfileVersion": 1,
  "requires": true,
  "dependencies": {
    "@warren-bank/node-process-argv": {
      "version": "1.1.0",
      "resolved": "https://registry.npmjs.org/@warren-bank/node-process-argv/-/node-process-argv-1.1.0.tgz",
      "integrity": "sha512-81pXPEVDhM+HQNlXgj/Aa4ZQSXQfX79tvd8nPuHXTEMJ6pnvahiTh/4jkNwQrIznecIDZM+MFt6i2IZmeiYrvA=="
    }
  }
}
